{
    "requires": true,
    "lockfileVersion": 1,
    "dependencies": {
      "@types/google-one-tap": {
        "version": "1.1.0",
        "resolved": "https://registry.npmjs.org/@types/google-one-tap/-/google-one-tap-1.1.0.tgz",
        "integrity": "sha512-UZmwGJ+HhcKGAyc53mKY1Ybs7EgiO2HwYrFlf1F+KiI1vt/O60HroSM+7Vk/xYkTtutjid3WCE0kbmhNqPg1zg=="
      }
    }
  }
  